
Microsoft Visual Studio Solution File, Format Version 12.00
# Visual Studio Version 17
VisualStudioVersion = 17.1.32421.90
MinimumVisualStudioVersion = 10.0.40219.1
Project("{2150E333-8FDC-42A3-9474-1A3956D46DE8}") = "Services", "Services", "{5ADFEDFB-E538-4380-93E4-DA540612D4FA}"
EndProject
Project("{2150E333-8FDC-42A3-9474-1A3956D46DE8}") = "Catalog", "Catalog", "{DC3760C0-B475-458D-8305-FFF1B1C88A35}"
EndProject
Project("{FAE04EC0-301F-11D3-BF4B-00C04F79EFBC}") = "Catalog.API", "Services\Catalog\Catalog.API\Catalog.API.csproj", "{0BB5DD17-DAD2-4F89-98BF-70AB869FA794}"
EndProject
Project("{E53339B2-1760-4266-BCC7-CA923CBCF16C}") = "docker-compose", "docker-compose.dcproj", "{9A693B42-F2CB-41D2-94B8-C5B31BFABBB4}"
EndProject
Global
	GlobalSection(SolutionConfigurationPlatforms) = preSolution
		Debug|Any CPU = Debug|Any CPU
		Release|Any CPU = Release|Any CPU
	EndGlobalSection
	GlobalSection(ProjectConfigurationPlatforms) = postSolution
		{0BB5DD17-DAD2-4F89-98BF-70AB869FA794}.Debug|Any CPU.ActiveCfg = Debug|Any CPU
		{0BB5DD17-DAD2-4F89-98BF-70AB869FA794}.Debug|Any CPU.Build.0 = Debug|Any CPU
		{0BB5DD17-DAD2-4F89-98BF-70AB869FA794}.Release|Any CPU.ActiveCfg = Release|Any CPU
		{0BB5DD17-DAD2-4F89-98BF-70AB869FA794}.Release|Any CPU.Build.0 = Release|Any CPU
		{9A693B42-F2CB-41D2-94B8-C5B31BFABBB4}.Debug|Any CPU.ActiveCfg = Debug|Any CPU
		{9A693B42-F2CB-41D2-94B8-C5B31BFABBB4}.Debug|Any CPU.Build.0 = Debug|Any CPU
		{9A693B42-F2CB-41D2-94B8-C5B31BFABBB4}.Release|Any CPU.ActiveCfg = Release|Any CPU
		{9A693B42-F2CB-41D2-94B8-C5B31BFABBB4}.Release|Any CPU.Build.0 = Release|Any CPU
	EndGlobalSection
	GlobalSection(SolutionProperties) = preSolution
		HideSolutionNode = FALSE
	EndGlobalSection
	GlobalSection(NestedProjects) = preSolution
		{DC3760C0-B475-458D-8305-FFF1B1C88A35} = {5ADFEDFB-E538-4380-93E4-DA540612D4FA}
		{0BB5DD17-DAD2-4F89-98BF-70AB869FA794} = {DC3760C0-B475-458D-8305-FFF1B1C88A35}
	EndGlobalSection
	GlobalSection(ExtensibilityGlobals) = postSolution
		SolutionGuid = {31F3C5F0-49E8-4F0D-89B7-12B1AAD22BB4}
	EndGlobalSection
EndGlobal
